
Microsoft Visual Studio Solution File, Format Version 12.00
# Visual Studio Version 17
VisualStudioVersion = 17.3.32922.545
MinimumVisualStudioVersion = 10.0.40219.1
Project("{9A19103F-16F7-4668-BE54-9A1E7A4F7556}") = "Digitalroot.Valheim.GoldBars", "Digitalroot.Valheim.GoldBars\Digitalroot.Valheim.GoldBars.csproj", "{77751278-A982-4C07-8DA2-A4F42F56418D}"
EndProject
Project("{9A19103F-16F7-4668-BE54-9A1E7A4F7556}") = "UnitTests", "UnitTests\UnitTests.csproj", "{C341045F-D03F-4606-B2AF-39FE660F28A1}"
EndProject
Project("{2150E333-8FDC-42A3-9474-1A3956D46DE8}") = "docs", "docs", "{4F49B7C6-D501-4897-A06F-BEA9BFBA1328}"
	ProjectSection(SolutionItems) = preProject
		..\docs\README.md = ..\docs\README.md
	EndProjectSection
EndProject
Project("{2150E333-8FDC-42A3-9474-1A3956D46DE8}") = ".github", ".github", "{5AA8DAEE-F2B5-4435-AACD-C0F508639A1F}"
EndProject
Project("{2150E333-8FDC-42A3-9474-1A3956D46DE8}") = "workflows", "workflows", "{A75B7401-5856-4A36-8B75-A1BFADB14375}"
	ProjectSection(SolutionItems) = preProject
		..\.github\workflows\discord.yml = ..\.github\workflows\discord.yml
		..\.github\workflows\nuget.autoupdate.yml = ..\.github\workflows\nuget.autoupdate.yml
		..\.github\workflows\release.yml = ..\.github\workflows\release.yml
	EndProjectSection
EndProject
Project("{2150E333-8FDC-42A3-9474-1A3956D46DE8}") = "Solution Items", "Solution Items", "{5AB066DB-222F-4469-97EE-C796352B13E4}"
	ProjectSection(SolutionItems) = preProject
		..\.gitattributes = ..\.gitattributes
		..\.gitignore = ..\.gitignore
		..\LICENSE = ..\LICENSE
	EndProjectSection
EndProject
Global
	GlobalSection(SolutionConfigurationPlatforms) = preSolution
		Debug|Any CPU = Debug|Any CPU
		DebugNoDeploy|Any CPU = DebugNoDeploy|Any CPU
		Release|Any CPU = Release|Any CPU
	EndGlobalSection
	GlobalSection(ProjectConfigurationPlatforms) = postSolution
		{77751278-A982-4C07-8DA2-A4F42F56418D}.Debug|Any CPU.ActiveCfg = Debug|Any CPU
		{77751278-A982-4C07-8DA2-A4F42F56418D}.Debug|Any CPU.Build.0 = Debug|Any CPU
		{77751278-A982-4C07-8DA2-A4F42F56418D}.DebugNoDeploy|Any CPU.ActiveCfg = DebugNoDeploy|Any CPU
		{77751278-A982-4C07-8DA2-A4F42F56418D}.DebugNoDeploy|Any CPU.Build.0 = DebugNoDeploy|Any CPU
		{77751278-A982-4C07-8DA2-A4F42F56418D}.Release|Any CPU.ActiveCfg = Release|Any CPU
		{77751278-A982-4C07-8DA2-A4F42F56418D}.Release|Any CPU.Build.0 = Release|Any CPU
		{C341045F-D03F-4606-B2AF-39FE660F28A1}.Debug|Any CPU.ActiveCfg = Debug|Any CPU
		{C341045F-D03F-4606-B2AF-39FE660F28A1}.Debug|Any CPU.Build.0 = Debug|Any CPU
		{C341045F-D03F-4606-B2AF-39FE660F28A1}.DebugNoDeploy|Any CPU.ActiveCfg = Debug|Any CPU
		{C341045F-D03F-4606-B2AF-39FE660F28A1}.DebugNoDeploy|Any CPU.Build.0 = Debug|Any CPU
		{C341045F-D03F-4606-B2AF-39FE660F28A1}.Release|Any CPU.ActiveCfg = Release|Any CPU
		{C341045F-D03F-4606-B2AF-39FE660F28A1}.Release|Any CPU.Build.0 = Release|Any CPU
	EndGlobalSection
	GlobalSection(SolutionProperties) = preSolution
		HideSolutionNode = FALSE
	EndGlobalSection
	GlobalSection(NestedProjects) = preSolution
		{A75B7401-5856-4A36-8B75-A1BFADB14375} = {5AA8DAEE-F2B5-4435-AACD-C0F508639A1F}
	EndGlobalSection
	GlobalSection(ExtensibilityGlobals) = postSolution
		SolutionGuid = {480EA9E5-CA04-4E20-A612-8A414D6E02FA}
	EndGlobalSection
EndGlobal
